
Microsoft Visual Studio Solution File, Format Version 12.00
# Visual Studio Version 16
VisualStudioVersion = 16.0.32901.82
MinimumVisualStudioVersion = 10.0.40219.1
Project("{FAE04EC0-301F-11D3-BF4B-00C04F79EFBC}") = "ActivityTime", "ActivityWatchButGood\ActivityTime.csproj", "{1496AE7A-2A29-4AB5-B04A-AE65F510E1A3}"
EndProject
Global
	GlobalSection(SolutionConfigurationPlatforms) = preSolution
		Debug|Any CPU = Debug|Any CPU
		Release|Any CPU = Release|Any CPU
	EndGlobalSection
	GlobalSection(ProjectConfigurationPlatforms) = postSolution
		{1496AE7A-2A29-4AB5-B04A-AE65F510E1A3}.Debug|Any CPU.ActiveCfg = Debug|Any CPU
		{1496AE7A-2A29-4AB5-B04A-AE65F510E1A3}.Debug|Any CPU.Build.0 = Debug|Any CPU
		{1496AE7A-2A29-4AB5-B04A-AE65F510E1A3}.Release|Any CPU.ActiveCfg = Release|Any CPU
		{1496AE7A-2A29-4AB5-B04A-AE65F510E1A3}.Release|Any CPU.Build.0 = Release|Any CPU
	EndGlobalSection
	GlobalSection(SolutionProperties) = preSolution
		HideSolutionNode = FALSE
	EndGlobalSection
	GlobalSection(ExtensibilityGlobals) = postSolution
		SolutionGuid = {F954A64D-76B3-4008-9437-385450FE6011}
	EndGlobalSection
EndGlobal
